github.com/wsnjy/go-say-hello v1.0.2 h1:DhvoxX4o2hgRsCwbHyS4ZK/ouXlA00s2gRFWWsBleqM=
github.com/wsnjy/go-say-hello v1.0.2/go.mod h1:XtlEikHsLej55RaMpSTgvAUR47/2cILNiJMujL5KF4M=
github.com/wsnjy/go-say-hello v1.0.3 h1:gXYGRHH8VOXdvbkNdSZ/XytSsYA6uFWDtZPKuTWk/O8=
github.com/wsnjy/go-say-hello v1.0.3/go.mod h1:XtlEikHsLej55RaMpSTgvAUR47/2cILNiJMujL5KF4M=
